
Microsoft Visual Studio Solution File, Format Version 12.00
# Visual Studio Version 17
VisualStudioVersion = 17.5.33502.453
MinimumVisualStudioVersion = 10.0.40219.1
Project("{9A19103F-16F7-4668-BE54-9A1E7A4F7556}") = "Snake", "Snake\Snake.csproj", "{66D775FC-9122-4546-AD35-8C377DAF4A66}"
EndProject
Project("{9A19103F-16F7-4668-BE54-9A1E7A4F7556}") = "Snake.Tests", "Snake.Tests\Snake.Tests.csproj", "{28AEF9F1-D2EC-46CB-8349-C900E381A1FF}"
EndProject
Global
	GlobalSection(SolutionConfigurationPlatforms) = preSolution
		Debug|Any CPU = Debug|Any CPU
		Release|Any CPU = Release|Any CPU
	EndGlobalSection
	GlobalSection(ProjectConfigurationPlatforms) = postSolution
		{66D775FC-9122-4546-AD35-8C377DAF4A66}.Debug|Any CPU.ActiveCfg = Debug|Any CPU
		{66D775FC-9122-4546-AD35-8C377DAF4A66}.Debug|Any CPU.Build.0 = Debug|Any CPU
		{66D775FC-9122-4546-AD35-8C377DAF4A66}.Release|Any CPU.ActiveCfg = Release|Any CPU
		{66D775FC-9122-4546-AD35-8C377DAF4A66}.Release|Any CPU.Build.0 = Release|Any CPU
		{28AEF9F1-D2EC-46CB-8349-C900E381A1FF}.Debug|Any CPU.ActiveCfg = Debug|Any CPU
		{28AEF9F1-D2EC-46CB-8349-C900E381A1FF}.Debug|Any CPU.Build.0 = Debug|Any CPU
		{28AEF9F1-D2EC-46CB-8349-C900E381A1FF}.Release|Any CPU.ActiveCfg = Release|Any CPU
		{28AEF9F1-D2EC-46CB-8349-C900E381A1FF}.Release|Any CPU.Build.0 = Release|Any CPU
	EndGlobalSection
	GlobalSection(SolutionProperties) = preSolution
		HideSolutionNode = FALSE
	EndGlobalSection
	GlobalSection(ExtensibilityGlobals) = postSolution
		SolutionGuid = {B9C97531-B656-4485-868C-109DB123E9C2}
	EndGlobalSection
EndGlobal
